
Microsoft Visual Studio Solution File, Format Version 12.00
Project("{2150E333-8FDC-42A3-9474-1A3956D46DE8}") = "_", "_", "{7AE86D66-0F12-441B-BE7E-2AA8A33B1F25}"
	ProjectSection(SolutionItems) = preProject
		README.md = README.md
		.gitignore = .gitignore
		GitVersion.yml = GitVersion.yml
	EndProjectSection
EndProject
Project("{2150E333-8FDC-42A3-9474-1A3956D46DE8}") = "src", "src", "{3265F2D2-0292-4931-92D7-1FA2B907CE3A}"
EndProject
Project("{FAE04EC0-301F-11D3-BF4B-00C04F79EFBC}") = "nsfw", "src\nsfw\nsfw.csproj", "{0BAA559C-CFCE-4B8A-A035-BC735CFDC1E9}"
EndProject
Project("{2150E333-8FDC-42A3-9474-1A3956D46DE8}") = "workflows", "workflows", "{648697C8-950D-491D-99DE-576A0CAFAEA9}"
	ProjectSection(SolutionItems) = preProject
		.github\workflows\build.yml = .github\workflows\build.yml
		.github\workflows\titledb.yml = .github\workflows\titledb.yml
	EndProjectSection
EndProject
Global
	GlobalSection(SolutionConfigurationPlatforms) = preSolution
		Debug|Any CPU = Debug|Any CPU
		Release|Any CPU = Release|Any CPU
	EndGlobalSection
	GlobalSection(ProjectConfigurationPlatforms) = postSolution
		{0BAA559C-CFCE-4B8A-A035-BC735CFDC1E9}.Debug|Any CPU.ActiveCfg = Debug|Any CPU
		{0BAA559C-CFCE-4B8A-A035-BC735CFDC1E9}.Debug|Any CPU.Build.0 = Debug|Any CPU
		{0BAA559C-CFCE-4B8A-A035-BC735CFDC1E9}.Release|Any CPU.ActiveCfg = Release|Any CPU
		{0BAA559C-CFCE-4B8A-A035-BC735CFDC1E9}.Release|Any CPU.Build.0 = Release|Any CPU
	EndGlobalSection
	GlobalSection(NestedProjects) = preSolution
		{0BAA559C-CFCE-4B8A-A035-BC735CFDC1E9} = {3265F2D2-0292-4931-92D7-1FA2B907CE3A}
	EndGlobalSection
EndGlobal
